
Microsoft Visual Studio Solution File, Format Version 12.00
# Visual Studio 2013
VisualStudioVersion = 12.0.31101.0
MinimumVisualStudioVersion = 10.0.40219.1
Project("{FAE04EC0-301F-11D3-BF4B-00C04F79EFBC}") = "fukusyu0614", "fukusyu0614\fukusyu0614.csproj", "{12EEB941-A0AB-4649-92F2-42A729580925}"
EndProject
Global
	GlobalSection(SolutionConfigurationPlatforms) = preSolution
		Debug|Any CPU = Debug|Any CPU
		Release|Any CPU = Release|Any CPU
	EndGlobalSection
	GlobalSection(ProjectConfigurationPlatforms) = postSolution
		{12EEB941-A0AB-4649-92F2-42A729580925}.Debug|Any CPU.ActiveCfg = Debug|Any CPU
		{12EEB941-A0AB-4649-92F2-42A729580925}.Debug|Any CPU.Build.0 = Debug|Any CPU
		{12EEB941-A0AB-4649-92F2-42A729580925}.Release|Any CPU.ActiveCfg = Release|Any CPU
		{12EEB941-A0AB-4649-92F2-42A729580925}.Release|Any CPU.Build.0 = Release|Any CPU
	EndGlobalSection
	GlobalSection(SolutionProperties) = preSolution
		HideSolutionNode = FALSE
	EndGlobalSection
EndGlobal
